// !$*UTF8*$!
{
	archiveVersion = 1;
	classes = {
	};
	objectVersion = 48;
	objects = {

/* Begin PBXBuildFile section */
		983D1DD01FDE607400BE6615 /* AppDelegate.swift in Sources */ = {isa = PBXBuildFile; fileRef = 983D1DCF1FDE607400BE6615 /* AppDelegate.swift */; };
		983D1DD21FDE607400BE6615 /* ViewController.swift in Sources */ = {isa = PBXBuildFile; fileRef = 983D1DD11FDE607400BE6615 /* ViewController.swift */; };
		983D1DD51FDE607400BE6615 /* Main.storyboard in Resources */ = {isa = PBXBuildFile; fileRef = 983D1DD31FDE607400BE6615 /* Main.storyboard */; };
		983D1DD71FDE607400BE6615 /* Assets.xcassets in Resources */ = {isa = PBXBuildFile; fileRef = 983D1DD61FDE607400BE6615 /* Assets.xcassets */; };
		983D1DDA1FDE607400BE6615 /* LaunchScreen.storyboard in Resources */ = {isa = PBXBuildFile; fileRef = 983D1DD81FDE607400BE6615 /* LaunchScreen.storyboard */; };
/* End PBXBuildFile section */

/* Begin PBXFileReference section */
		983D1DCC1FDE607400BE6615 /* firstClassFunctions.app */ = {isa = PBXFileReference; explicitFileType = wrapper.application; includeInIndex = 0; path = firstClassFunctions.app; sourceTree = BUILT_PRODUCTS_DIR; };
		983D1DCF1FDE607400BE6615 /* AppDelegate.swift */ = {isa = PBXFileReference; lastKnownFileType = sourcecode.swift; path = AppDelegate.swift; sourceTree = "<group>"; };
		983D1DD11FDE607400BE6615 /* ViewController.swift */ = {isa = PBXFileReference; lastKnownFileType = sourcecode.swift; path = ViewController.swift; sourceTree = "<group>"; };
		983D1DD41FDE607400BE6615 /* Base */ = {isa = PBXFileReference; lastKnownFileType = file.storyboard; name = Base; path = Base.lproj/Main.storyboard; sourceTree = "<group>"; };
		983D1DD61FDE607400BE6615 /* Assets.xcassets */ = {isa = PBXFileReference; lastKnownFileType = folder.assetcatalog; path = Assets.xcassets; sourceTree = "<group>"; };
		983D1DD91FDE607400BE6615 /* Base */ = {isa = PBXFileReference; lastKnownFileType = file.storyboard; name = Base; path = Base.lproj/LaunchScreen.storyboard; sourceTree = "<group>"; };
		983D1DDB1FDE607400BE6615 /* Info.plist */ = {isa = PBXFileReference; lastKnownFileType = text.plist.xml; path = Info.plist; sourceTree = "<group>"; };
/* End PBXFileReference section */

/* Begin PBXFrameworksBuildPhase section */
		983D1DC91FDE607400BE6615 /* Frameworks */ = {
			isa = PBXFrameworksBuildPhase;
			buildActionMask = 2147483647;
			files = (
			);
			runOnlyForDeploymentPostprocessing = 0;
		};
/* End PBXFrameworksBuildPhase section */

/* Begin PBXGroup section */
		983D1DC31FDE607400BE6615 = {
			isa = PBXGroup;
			children = (
				983D1DCE1FDE607400BE6615 /* firstClassFunctions */,
				983D1DCD1FDE607400BE6615 /* Products */,
			);
			sourceTree = "<group>";
		};
		983D1DCD1FDE607400BE6615 /* Products */ = {
			isa = PBXGroup;
			children = (
				983D1DCC1FDE607400BE6615 /* firstClassFunctions.app */,
			);
			name = Products;
			sourceTree = "<group>";
		};
		983D1DCE1FDE607400BE6615 /* firstClassFunctions */ = {
			isa = PBXGroup;
			children = (
				983D1DCF1FDE607400BE6615 /* AppDelegate.swift */,
				983D1DD11FDE607400BE6615 /* ViewController.swift */,
				983D1DD31FDE607400BE6615 /* Main.storyboard */,
				983D1DD61FDE607400BE6615 /* Assets.xcassets */,
				983D1DD81FDE607400BE6615 /* LaunchScreen.storyboard */,
				983D1DDB1FDE607400BE6615 /* Info.plist */,
			);
			path = firstClassFunctions;
			sourceTree = "<group>";
		};
/* End PBXGroup section */

/* Begin PBXNativeTarget section */
		983D1DCB1FDE607400BE6615 /* firstClassFunctions */ = {
			isa = PBXNativeTarget;
			buildConfigurationList = 983D1DDE1FDE607400BE6615 /* Build configuration list for PBXNativeTarget "firstClassFunctions" */;
			buildPhases = (
				983D1DC81FDE607400BE6615 /* Sources */,
				983D1DC91FDE607400BE6615 /* Frameworks */,
				983D1DCA1FDE607400BE6615 /* Resources */,
			);
			buildRules = (
			);
			dependencies = (
			);
			name = firstClassFunctions;
			productName = firstClassFunctions;
			productReference = 983D1DCC1FDE607400BE6615 /* firstClassFunctions.app */;
			productType = "com.apple.product-type.application";
		};
/* End PBXNativeTarget section */

/* Begin PBXProject section */
		983D1DC41FDE607400BE6615 /* Project object */ = {
			isa = PBXProject;
			attributes = {
				LastSwiftUpdateCheck = 0900;
				LastUpgradeCheck = 0900;
				ORGANIZATIONNAME = spychatter;
				TargetAttributes = {
					983D1DCB1FDE607400BE6615 = {
						CreatedOnToolsVersion = 9.0.1;
						ProvisioningStyle = Automatic;
					};
				};
			};
			buildConfigurationList = 983D1DC71FDE607400BE6615 /* Build configuration list for PBXProject "firstClassFunctions" */;
			compatibilityVersion = "Xcode 8.0";
			developmentRegion = en;
			hasScannedForEncodings = 0;
			knownRegions = (
				en,
				Base,
			);
			mainGroup = 983D1DC31FDE607400BE6615;
			productRefGroup = 983D1DCD1FDE607400BE6615 /* Products */;
			projectDirPath = "";
			projectRoot = "";
			targets = (
				983D1DCB1FDE607400BE6615 /* firstClassFunctions */,
			);
		};
/* End PBXProject section */

/* Begin PBXResourcesBuildPhase section */
		983D1DCA1FDE607400BE6615 /* Resources */ = {
			isa = PBXResourcesBuildPhase;
			buildActionMask = 2147483647;
			files = (
				983D1DDA1FDE607400BE6615 /* LaunchScreen.storyboard in Resources */,
				983D1DD71FDE607400BE6615 /* Assets.xcassets in Resources */,
				983D1DD51FDE607400BE6615 /* Main.storyboard in Resources */,
			);
			runOnlyForDeploymentPostprocessing = 0;
		};
/* End PBXResourcesBuildPhase section */

/* Begin PBXSourcesBuildPhase section */
		983D1DC81FDE607400BE6615 /* Sources */ = {
			isa = PBXSourcesBuildPhase;
			buildActionMask = 2147483647;
			files = (
				983D1DD21FDE607400BE6615 /* ViewController.swift in Sources */,
				983D1DD01FDE607400BE6615 /* AppDelegate.swift in Sources */,
			);
			runOnlyForDeploymentPostprocessing = 0;
		};
/* End PBXSourcesBuildPhase section */

/* Begin PBXVariantGroup section */
		983D1DD31FDE607400BE6615 /* Main.storyboard */ = {
			isa = PBXVariantGroup;
			children = (
				983D1DD41FDE607400BE6615 /* Base */,
			);
			name = Main.storyboard;
			sourceTree = "<group>";
		};
		983D1DD81FDE607400BE6615 /* LaunchScreen.storyboard */ = {
			isa = PBXVariantGroup;
			children = (
				983D1DD91FDE607400BE6615 /* Base */,
			);
			name = LaunchScreen.storyboard;
			sourceTree = "<group>";
		};
/* End PBXVariantGroup section */

/* Begin XCBuildConfiguration section */
		983D1DDC1FDE607400BE6615 /* Debug */ = {
			isa = XCBuildConfiguration;
			buildSettings = {
				ALWAYS_SEARCH_USER_PATHS = NO;
				CLANG_ANALYZER_NONNULL = YES;
				CLANG_ANALYZER_NUMBER_OBJECT_CONVERSION = YES_AGGRESSIVE;
				CLANG_CXX_LANGUAGE_STANDARD = "gnu++14";
				CLANG_CXX_LIBRARY = "libc++";
				CLANG_ENABLE_MODULES = YES;
				CLANG_ENABLE_OBJC_ARC = YES;
				CLANG_WARN_BLOCK_CAPTURE_AUTORELEASING = YES;
				CLANG_WARN_BOOL_CONVERSION = YES;
				CLANG_WARN_COMMA = YES;
				CLANG_WARN_CONSTANT_CONVERSION = YES;
				CLANG_WARN_DIRECT_OBJC_ISA_USAGE = YES_ERROR;
				CLANG_WARN_DOCUMENTATION_COMMENTS = YES;
				CLANG_WARN_EMPTY_BODY = YES;
				CLANG_WARN_ENUM_CONVERSION = YES;
				CLANG_WARN_INFINITE_RECURSION = YES;
				CLANG_WARN_INT_CONVERSION = YES;
				CLANG_WARN_NON_LITERAL_NULL_CONVERSION = YES;
				CLANG_WARN_OBJC_LITERAL_CONVERSION = YES;
				CLANG_WARN_OBJC_ROOT_CLASS = YES_ERROR;
				CLANG_WARN_RANGE_LOOP_ANALYSIS = YES;
				CLANG_WARN_STRICT_PROTOTYPES = YES;
				CLANG_WARN_SUSPICIOUS_MOVE = YES;
				CLANG_WARN_UNGUARDED_AVAILABILITY = YES_AGGRESSIVE;
				CLANG_WARN_UNREACHABLE_CODE = YES;
				CLANG_WARN__DUPLICATE_METHOD_MATCH = YES;
				CODE_SIGN_IDENTITY = "iPhone Developer";
				COPY_PHASE_STRIP = NO;
				DEBUG_INFORMATION_FORMAT = dwarf;
				ENABLE_STRICT_OBJC_MSGSEND = YES;
				ENABLE_TESTABILITY = YES;
				GCC_C_LANGUAGE_STANDARD = gnu11;
				GCC_DYNAMIC_NO_PIC = NO;
				GCC_NO_COMMON_BLOCKS = YES;
				GCC_OPTIMIZATION_LEVEL = 0;
				GCC_PREPROCESSOR_DEFINITIONS = (
					"DEBUG=1",
					"$(inherited)",
				);
				GCC_WARN_64_TO_32_BIT_CONVERSION = YES;
				GCC_WARN_ABOUT_RETURN_TYPE = YES_ERROR;
				GCC_WARN_UNDECLARED_SELECTOR = YES;
				GCC_WARN_UNINITIALIZED_AUTOS = YES_AGGRESSIVE;
				GCC_WARN_UNUSED_FUNCTION = YES;
				GCC_WARN_UNUSED_VARIABLE = YES;
				IPHONEOS_DEPLOYMENT_TARGET = 11.0;
				MTL_ENABLE_DEBUG_INFO = YES;
				ONLY_ACTIVE_ARCH = YES;
				SDKROOT = iphoneos;
				SWIFT_ACTIVE_COMPILATION_CONDITIONS = DEBUG;
				SWIFT_OPTIMIZATION_LEVEL = "-Onone";
			};
			name = Debug;
		};
		983D1DDD1FDE607400BE6615 /* Release */ = {
			isa = XCBuildConfiguration;
			buildSettings = {
				ALWAYS_SEARCH_USER_PATHS = NO;
				CLANG_ANALYZER_NONNULL = YES;
				CLANG_ANALYZER_NUMBER_OBJECT_CONVERSION = YES_AGGRESSIVE;
				CLANG_CXX_LANGUAGE_STANDARD = "gnu++14";
				CLANG_CXX_LIBRARY = "libc++";
				CLANG_ENABLE_MODULES = YES;
				CLANG_ENABLE_OBJC_ARC = YES;
				CLANG_WARN_BLOCK_CAPTURE_AUTORELEASING = YES;
				CLANG_WARN_BOOL_CONVERSION = YES;
				CLANG_WARN_COMMA = YES;
				CLANG_WARN_CONSTANT_CONVERSION = YES;
				CLANG_WARN_DIRECT_OBJC_ISA_USAGE = YES_ERROR;
				CLANG_WARN_DOCUMENTATION_COMMENTS = YES;
				CLANG_WARN_EMPTY_BODY = YES;
				CLANG_WARN_ENUM_CONVERSION = YES;
				CLANG_WARN_INFINITE_RECURSION = YES;
				CLANG_WARN_INT_CONVERSION = YES;
				CLANG_WARN_NON_LITERAL_NULL_CONVERSION = YES;
				CLANG_WARN_OBJC_LITERAL_CONVERSION = YES;
				CLANG_WARN_OBJC_ROOT_CLASS = YES_ERROR;
				CLANG_WARN_RANGE_LOOP_ANALYSIS = YES;
				CLANG_WARN_STRICT_PROTOTYPES = YES;
				CLANG_WARN_SUSPICIOUS_MOVE = YES;
				CLANG_WARN_UNGUARDED_AVAILABILITY = YES_AGGRESSIVE;
				CLANG_WARN_UNREACHABLE_CODE = YES;
				CLANG_WARN__DUPLICATE_METHOD_MATCH = YES;
				CODE_SIGN_IDENTITY = "iPhone Developer";
				COPY_PHASE_STRIP = NO;
				DEBUG_INFORMATION_FORMAT = "dwarf-with-dsym";
				ENABLE_NS_ASSERTIONS = NO;
				ENABLE_STRICT_OBJC_MSGSEND = YES;
				GCC_C_LANGUAGE_STANDARD = gnu11;
				GCC_NO_COMMON_BLOCKS = YES;
				GCC_WARN_64_TO_32_BIT_CONVERSION = YES;
				GCC_WARN_ABOUT_RETURN_TYPE = YES_ERROR;
				GCC_WARN_UNDECLARED_SELECTOR = YES;
				GCC_WARN_UNINITIALIZED_AUTOS = YES_AGGRESSIVE;
				GCC_WARN_UNUSED_FUNCTION = YES;
				GCC_WARN_UNUSED_VARIABLE = YES;
				IPHONEOS_DEPLOYMENT_TARGET = 11.0;
				MTL_ENABLE_DEBUG_INFO = NO;
				SDKROOT = iphoneos;
				SWIFT_OPTIMIZATION_LEVEL = "-Owholemodule";
				VALIDATE_PRODUCT = YES;
			};
			name = Release;
		};
		983D1DDF1FDE607400BE6615 /* Debug */ = {
			isa = XCBuildConfiguration;
			buildSettings = {
				ASSETCATALOG_COMPILER_APPICON_NAME = AppIcon;
				CODE_SIGN_STYLE = Automatic;
				DEVELOPMENT_TEAM = NUT7SFZWGF;
				INFOPLIST_FILE = firstClassFunctions/Info.plist;
				LD_RUNPATH_SEARCH_PATHS = "$(inherited) @executable_path/Frameworks";
				PRODUCT_BUNDLE_IDENTIFIER = spychatter.firstClassFunctions;
				PRODUCT_NAME = "$(TARGET_NAME)";
				SWIFT_VERSION = 4.0;
				TARGETED_DEVICE_FAMILY = "1,2";
			};
			name = Debug;
		};
		983D1DE01FDE607400BE6615 /* Release */ = {
			isa = XCBuildConfiguration;
			buildSettings = {
				ASSETCATALOG_COMPILER_APPICON_NAME = AppIcon;
				CODE_SIGN_STYLE = Automatic;
				DEVELOPMENT_TEAM = NUT7SFZWGF;
				INFOPLIST_FILE = firstClassFunctions/Info.plist;
				LD_RUNPATH_SEARCH_PATHS = "$(inherited) @executable_path/Frameworks";
				PRODUCT_BUNDLE_IDENTIFIER = spychatter.firstClassFunctions;
				PRODUCT_NAME = "$(TARGET_NAME)";
				SWIFT_VERSION = 4.0;
				TARGETED_DEVICE_FAMILY = "1,2";
			};
			name = Release;
		};
/* End XCBuildConfiguration section */

/* Begin XCConfigurationList section */
		983D1DC71FDE607400BE6615 /* Build configuration list for PBXProject "firstClassFunctions" */ = {
			isa = XCConfigurationList;
			buildConfigurations = (
				983D1DDC1FDE607400BE6615 /* Debug */,
				983D1DDD1FDE607400BE6615 /* Release */,
			);
			defaultConfigurationIsVisible = 0;
			defaultConfigurationName = Release;
		};
		983D1DDE1FDE607400BE6615 /* Build configuration list for PBXNativeTarget "firstClassFunctions" */ = {
			isa = XCConfigurationList;
			buildConfigurations = (
				983D1DDF1FDE607400BE6615 /* Debug */,
				983D1DE01FDE607400BE6615 /* Release */,
			);
			defaultConfigurationIsVisible = 0;
			defaultConfigurationName = Release;
		};
/* End XCConfigurationList section */
	};
	rootObject = 983D1DC41FDE607400BE6615 /* Project object */;
}
